// !$*UTF8*$!
{
	archiveVersion = 1;
	classes = {
	};
	objectVersion = 50;
	objects = {

/* Begin PBXBuildFile section */
		E3D75FB421ACEF660041EC56 /* AppDelegate.m in Sources */ = {isa = PBXBuildFile; fileRef = E3D75FB321ACEF660041EC56 /* AppDelegate.m */; };
		E3D75FB721ACEF660041EC56 /* ViewController.m in Sources */ = {isa = PBXBuildFile; fileRef = E3D75FB621ACEF660041EC56 /* ViewController.m */; };
		E3D75FBA21ACEF660041EC56 /* Main.storyboard in Resources */ = {isa = PBXBuildFile; fileRef = E3D75FB821ACEF660041EC56 /* Main.storyboard */; };
		E3D75FBC21ACEF680041EC56 /* Assets.xcassets in Resources */ = {isa = PBXBuildFile; fileRef = E3D75FBB21ACEF680041EC56 /* Assets.xcassets */; };
		E3D75FBF21ACEF680041EC56 /* LaunchScreen.storyboard in Resources */ = {isa = PBXBuildFile; fileRef = E3D75FBD21ACEF680041EC56 /* LaunchScreen.storyboard */; };
		E3D75FC221ACEF680041EC56 /* main.m in Sources */ = {isa = PBXBuildFile; fileRef = E3D75FC121ACEF680041EC56 /* main.m */; };
		E3D75FD121ACEFD40041EC56 /* AMEUnderLineChooseView.m in Sources */ = {isa = PBXBuildFile; fileRef = E3D75FCD21ACEFD40041EC56 /* AMEUnderLineChooseView.m */; };
		E3D75FD221ACEFD40041EC56 /* AMEPageContentItem.m in Sources */ = {isa = PBXBuildFile; fileRef = E3D75FCE21ACEFD40041EC56 /* AMEPageContentItem.m */; };
		E3D75FD321ACEFD40041EC56 /* AMEPageContentView.m in Sources */ = {isa = PBXBuildFile; fileRef = E3D75FCF21ACEFD40041EC56 /* AMEPageContentView.m */; };
		E3D75FD421ACEFD40041EC56 /* AMEPageContentBottomView.m in Sources */ = {isa = PBXBuildFile; fileRef = E3D75FD021ACEFD40041EC56 /* AMEPageContentBottomView.m */; };
		E3D75FDA21ACF0400041EC56 /* DemoCodeViewController.m in Sources */ = {isa = PBXBuildFile; fileRef = E3D75FD921ACF0400041EC56 /* DemoCodeViewController.m */; };
		E3D75FDE21ACF0520041EC56 /* DemoXibViewController.m in Sources */ = {isa = PBXBuildFile; fileRef = E3D75FDC21ACF0520041EC56 /* DemoXibViewController.m */; };
		E3D75FDF21ACF0520041EC56 /* DemoXibViewController.xib in Resources */ = {isa = PBXBuildFile; fileRef = E3D75FDD21ACF0520041EC56 /* DemoXibViewController.xib */; };
		E3D75FE321ACF0740041EC56 /* ChildViewController.m in Sources */ = {isa = PBXBuildFile; fileRef = E3D75FE121ACF0740041EC56 /* ChildViewController.m */; };
		E3D75FE421ACF0740041EC56 /* ChildViewController.xib in Resources */ = {isa = PBXBuildFile; fileRef = E3D75FE221ACF0740041EC56 /* ChildViewController.xib */; };
/* End PBXBuildFile section */

/* Begin PBXFileReference section */
		E3D75FAF21ACEF660041EC56 /* AMEPageContentView.app */ = {isa = PBXFileReference; explicitFileType = wrapper.application; includeInIndex = 0; path = AMEPageContentView.app; sourceTree = BUILT_PRODUCTS_DIR; };
		E3D75FB221ACEF660041EC56 /* AppDelegate.h */ = {isa = PBXFileReference; lastKnownFileType = sourcecode.c.h; path = AppDelegate.h; sourceTree = "<group>"; };
		E3D75FB321ACEF660041EC56 /* AppDelegate.m */ = {isa = PBXFileReference; lastKnownFileType = sourcecode.c.objc; path = AppDelegate.m; sourceTree = "<group>"; };
		E3D75FB521ACEF660041EC56 /* ViewController.h */ = {isa = PBXFileReference; lastKnownFileType = sourcecode.c.h; path = ViewController.h; sourceTree = "<group>"; };
		E3D75FB621ACEF660041EC56 /* ViewController.m */ = {isa = PBXFileReference; lastKnownFileType = sourcecode.c.objc; path = ViewController.m; sourceTree = "<group>"; };
		E3D75FB921ACEF660041EC56 /* Base */ = {isa = PBXFileReference; lastKnownFileType = file.storyboard; name = Base; path = Base.lproj/Main.storyboard; sourceTree = "<group>"; };
		E3D75FBB21ACEF680041EC56 /* Assets.xcassets */ = {isa = PBXFileReference; lastKnownFileType = folder.assetcatalog; path = Assets.xcassets; sourceTree = "<group>"; };
		E3D75FBE21ACEF680041EC56 /* Base */ = {isa = PBXFileReference; lastKnownFileType = file.storyboard; name = Base; path = Base.lproj/LaunchScreen.storyboard; sourceTree = "<group>"; };
		E3D75FC021ACEF680041EC56 /* Info.plist */ = {isa = PBXFileReference; lastKnownFileType = text.plist.xml; path = Info.plist; sourceTree = "<group>"; };
		E3D75FC121ACEF680041EC56 /* main.m */ = {isa = PBXFileReference; lastKnownFileType = sourcecode.c.objc; path = main.m; sourceTree = "<group>"; };
		E3D75FC921ACEFD40041EC56 /* AMEPageContentItem.h */ = {isa = PBXFileReference; fileEncoding = 4; lastKnownFileType = sourcecode.c.h; path = AMEPageContentItem.h; sourceTree = "<group>"; };
		E3D75FCA21ACEFD40041EC56 /* AMEUnderLineChooseView.h */ = {isa = PBXFileReference; fileEncoding = 4; lastKnownFileType = sourcecode.c.h; path = AMEUnderLineChooseView.h; sourceTree = "<group>"; };
		E3D75FCB21ACEFD40041EC56 /* AMEPageContentView.h */ = {isa = PBXFileReference; fileEncoding = 4; lastKnownFileType = sourcecode.c.h; path = AMEPageContentView.h; sourceTree = "<group>"; };
		E3D75FCC21ACEFD40041EC56 /* AMEPageContentBottomView.h */ = {isa = PBXFileReference; fileEncoding = 4; lastKnownFileType = sourcecode.c.h; path = AMEPageContentBottomView.h; sourceTree = "<group>"; };
		E3D75FCD21ACEFD40041EC56 /* AMEUnderLineChooseView.m */ = {isa = PBXFileReference; fileEncoding = 4; lastKnownFileType = sourcecode.c.objc; path = AMEUnderLineChooseView.m; sourceTree = "<group>"; };
		E3D75FCE21ACEFD40041EC56 /* AMEPageContentItem.m */ = {isa = PBXFileReference; fileEncoding = 4; lastKnownFileType = sourcecode.c.objc; path = AMEPageContentItem.m; sourceTree = "<group>"; };
		E3D75FCF21ACEFD40041EC56 /* AMEPageContentView.m */ = {isa = PBXFileReference; fileEncoding = 4; lastKnownFileType = sourcecode.c.objc; path = AMEPageContentView.m; sourceTree = "<group>"; };
		E3D75FD021ACEFD40041EC56 /* AMEPageContentBottomView.m */ = {isa = PBXFileReference; fileEncoding = 4; lastKnownFileType = sourcecode.c.objc; path = AMEPageContentBottomView.m; sourceTree = "<group>"; };
		E3D75FD821ACF0400041EC56 /* DemoCodeViewController.h */ = {isa = PBXFileReference; lastKnownFileType = sourcecode.c.h; path = DemoCodeViewController.h; sourceTree = "<group>"; };
		E3D75FD921ACF0400041EC56 /* DemoCodeViewController.m */ = {isa = PBXFileReference; lastKnownFileType = sourcecode.c.objc; path = DemoCodeViewController.m; sourceTree = "<group>"; };
		E3D75FDB21ACF0520041EC56 /* DemoXibViewController.h */ = {isa = PBXFileReference; lastKnownFileType = sourcecode.c.h; path = DemoXibViewController.h; sourceTree = "<group>"; };
		E3D75FDC21ACF0520041EC56 /* DemoXibViewController.m */ = {isa = PBXFileReference; lastKnownFileType = sourcecode.c.objc; path = DemoXibViewController.m; sourceTree = "<group>"; };
		E3D75FDD21ACF0520041EC56 /* DemoXibViewController.xib */ = {isa = PBXFileReference; lastKnownFileType = file.xib; path = DemoXibViewController.xib; sourceTree = "<group>"; };
		E3D75FE021ACF0740041EC56 /* ChildViewController.h */ = {isa = PBXFileReference; lastKnownFileType = sourcecode.c.h; path = ChildViewController.h; sourceTree = "<group>"; };
		E3D75FE121ACF0740041EC56 /* ChildViewController.m */ = {isa = PBXFileReference; lastKnownFileType = sourcecode.c.objc; path = ChildViewController.m; sourceTree = "<group>"; };
		E3D75FE221ACF0740041EC56 /* ChildViewController.xib */ = {isa = PBXFileReference; lastKnownFileType = file.xib; path = ChildViewController.xib; sourceTree = "<group>"; };
/* End PBXFileReference section */

/* Begin PBXFrameworksBuildPhase section */
		E3D75FAC21ACEF660041EC56 /* Frameworks */ = {
			isa = PBXFrameworksBuildPhase;
			buildActionMask = 2147483647;
			files = (
			);
			runOnlyForDeploymentPostprocessing = 0;
		};
/* End PBXFrameworksBuildPhase section */

/* Begin PBXGroup section */
		E3D75FA621ACEF660041EC56 = {
			isa = PBXGroup;
			children = (
				E3D75FB121ACEF660041EC56 /* AMEPageContentView */,
				E3D75FB021ACEF660041EC56 /* Products */,
			);
			sourceTree = "<group>";
		};
		E3D75FB021ACEF660041EC56 /* Products */ = {
			isa = PBXGroup;
			children = (
				E3D75FAF21ACEF660041EC56 /* AMEPageContentView.app */,
			);
			name = Products;
			sourceTree = "<group>";
		};
		E3D75FB121ACEF660041EC56 /* AMEPageContentView */ = {
			isa = PBXGroup;
			children = (
				E3D75FD721ACF0150041EC56 /* VCChild */,
				E3D75FD621ACF0050041EC56 /* VC-XIB */,
				E3D75FD521ACEFF00041EC56 /* VC-CODE */,
				E3D75FC821ACEFD40041EC56 /* AMEPageContentView */,
				E3D75FB221ACEF660041EC56 /* AppDelegate.h */,
				E3D75FB321ACEF660041EC56 /* AppDelegate.m */,
				E3D75FB521ACEF660041EC56 /* ViewController.h */,
				E3D75FB621ACEF660041EC56 /* ViewController.m */,
				E3D75FB821ACEF660041EC56 /* Main.storyboard */,
				E3D75FBB21ACEF680041EC56 /* Assets.xcassets */,
				E3D75FBD21ACEF680041EC56 /* LaunchScreen.storyboard */,
				E3D75FC021ACEF680041EC56 /* Info.plist */,
				E3D75FC121ACEF680041EC56 /* main.m */,
			);
			path = AMEPageContentView;
			sourceTree = "<group>";
		};
		E3D75FC821ACEFD40041EC56 /* AMEPageContentView */ = {
			isa = PBXGroup;
			children = (
				E3D75FC921ACEFD40041EC56 /* AMEPageContentItem.h */,
				E3D75FCE21ACEFD40041EC56 /* AMEPageContentItem.m */,
				E3D75FCA21ACEFD40041EC56 /* AMEUnderLineChooseView.h */,
				E3D75FCD21ACEFD40041EC56 /* AMEUnderLineChooseView.m */,
				E3D75FCB21ACEFD40041EC56 /* AMEPageContentView.h */,
				E3D75FCF21ACEFD40041EC56 /* AMEPageContentView.m */,
				E3D75FCC21ACEFD40041EC56 /* AMEPageContentBottomView.h */,
				E3D75FD021ACEFD40041EC56 /* AMEPageContentBottomView.m */,
			);
			path = AMEPageContentView;
			sourceTree = "<group>";
		};
		E3D75FD521ACEFF00041EC56 /* VC-CODE */ = {
			isa = PBXGroup;
			children = (
				E3D75FD821ACF0400041EC56 /* DemoCodeViewController.h */,
				E3D75FD921ACF0400041EC56 /* DemoCodeViewController.m */,
			);
			path = "VC-CODE";
			sourceTree = "<group>";
		};
		E3D75FD621ACF0050041EC56 /* VC-XIB */ = {
			isa = PBXGroup;
			children = (
				E3D75FDB21ACF0520041EC56 /* DemoXibViewController.h */,
				E3D75FDC21ACF0520041EC56 /* DemoXibViewController.m */,
				E3D75FDD21ACF0520041EC56 /* DemoXibViewController.xib */,
			);
			path = "VC-XIB";
			sourceTree = "<group>";
		};
		E3D75FD721ACF0150041EC56 /* VCChild */ = {
			isa = PBXGroup;
			children = (
				E3D75FE021ACF0740041EC56 /* ChildViewController.h */,
				E3D75FE121ACF0740041EC56 /* ChildViewController.m */,
				E3D75FE221ACF0740041EC56 /* ChildViewController.xib */,
			);
			path = VCChild;
			sourceTree = "<group>";
		};
/* End PBXGroup section */

/* Begin PBXNativeTarget section */
		E3D75FAE21ACEF660041EC56 /* AMEPageContentView */ = {
			isa = PBXNativeTarget;
			buildConfigurationList = E3D75FC521ACEF680041EC56 /* Build configuration list for PBXNativeTarget "AMEPageContentView" */;
			buildPhases = (
				E3D75FAB21ACEF660041EC56 /* Sources */,
				E3D75FAC21ACEF660041EC56 /* Frameworks */,
				E3D75FAD21ACEF660041EC56 /* Resources */,
			);
			buildRules = (
			);
			dependencies = (
			);
			name = AMEPageContentView;
			productName = AMEPageContentView;
			productReference = E3D75FAF21ACEF660041EC56 /* AMEPageContentView.app */;
			productType = "com.apple.product-type.application";
		};
/* End PBXNativeTarget section */

/* Begin PBXProject section */
		E3D75FA721ACEF660041EC56 /* Project object */ = {
			isa = PBXProject;
			attributes = {
				LastUpgradeCheck = 1010;
				ORGANIZATIONNAME = Qukuai;
				TargetAttributes = {
					E3D75FAE21ACEF660041EC56 = {
						CreatedOnToolsVersion = 10.1;
					};
				};
			};
			buildConfigurationList = E3D75FAA21ACEF660041EC56 /* Build configuration list for PBXProject "AMEPageContentView" */;
			compatibilityVersion = "Xcode 9.3";
			developmentRegion = en;
			hasScannedForEncodings = 0;
			knownRegions = (
				en,
				Base,
			);
			mainGroup = E3D75FA621ACEF660041EC56;
			productRefGroup = E3D75FB021ACEF660041EC56 /* Products */;
			projectDirPath = "";
			projectRoot = "";
			targets = (
				E3D75FAE21ACEF660041EC56 /* AMEPageContentView */,
			);
		};
/* End PBXProject section */

/* Begin PBXResourcesBuildPhase section */
		E3D75FAD21ACEF660041EC56 /* Resources */ = {
			isa = PBXResourcesBuildPhase;
			buildActionMask = 2147483647;
			files = (
				E3D75FBF21ACEF680041EC56 /* LaunchScreen.storyboard in Resources */,
				E3D75FDF21ACF0520041EC56 /* DemoXibViewController.xib in Resources */,
				E3D75FBC21ACEF680041EC56 /* Assets.xcassets in Resources */,
				E3D75FE421ACF0740041EC56 /* ChildViewController.xib in Resources */,
				E3D75FBA21ACEF660041EC56 /* Main.storyboard in Resources */,
			);
			runOnlyForDeploymentPostprocessing = 0;
		};
/* End PBXResourcesBuildPhase section */

/* Begin PBXSourcesBuildPhase section */
		E3D75FAB21ACEF660041EC56 /* Sources */ = {
			isa = PBXSourcesBuildPhase;
			buildActionMask = 2147483647;
			files = (
				E3D75FD421ACEFD40041EC56 /* AMEPageContentBottomView.m in Sources */,
				E3D75FD121ACEFD40041EC56 /* AMEUnderLineChooseView.m in Sources */,
				E3D75FDA21ACF0400041EC56 /* DemoCodeViewController.m in Sources */,
				E3D75FB721ACEF660041EC56 /* ViewController.m in Sources */,
				E3D75FDE21ACF0520041EC56 /* DemoXibViewController.m in Sources */,
				E3D75FC221ACEF680041EC56 /* main.m in Sources */,
				E3D75FB421ACEF660041EC56 /* AppDelegate.m in Sources */,
				E3D75FE321ACF0740041EC56 /* ChildViewController.m in Sources */,
				E3D75FD221ACEFD40041EC56 /* AMEPageContentItem.m in Sources */,
				E3D75FD321ACEFD40041EC56 /* AMEPageContentView.m in Sources */,
			);
			runOnlyForDeploymentPostprocessing = 0;
		};
/* End PBXSourcesBuildPhase section */

/* Begin PBXVariantGroup section */
		E3D75FB821ACEF660041EC56 /* Main.storyboard */ = {
			isa = PBXVariantGroup;
			children = (
				E3D75FB921ACEF660041EC56 /* Base */,
			);
			name = Main.storyboard;
			sourceTree = "<group>";
		};
		E3D75FBD21ACEF680041EC56 /* LaunchScreen.storyboard */ = {
			isa = PBXVariantGroup;
			children = (
				E3D75FBE21ACEF680041EC56 /* Base */,
			);
			name = LaunchScreen.storyboard;
			sourceTree = "<group>";
		};
/* End PBXVariantGroup section */

/* Begin XCBuildConfiguration section */
		E3D75FC321ACEF680041EC56 /* Debug */ = {
			isa = XCBuildConfiguration;
			buildSettings = {
				ALWAYS_SEARCH_USER_PATHS = NO;
				CLANG_ANALYZER_NONNULL = YES;
				CLANG_ANALYZER_NUMBER_OBJECT_CONVERSION = YES_AGGRESSIVE;
				CLANG_CXX_LANGUAGE_STANDARD = "gnu++14";
				CLANG_CXX_LIBRARY = "libc++";
				CLANG_ENABLE_MODULES = YES;
				CLANG_ENABLE_OBJC_ARC = YES;
				CLANG_ENABLE_OBJC_WEAK = YES;
				CLANG_WARN_BLOCK_CAPTURE_AUTORELEASING = YES;
				CLANG_WARN_BOOL_CONVERSION = YES;
				CLANG_WARN_COMMA = YES;
				CLANG_WARN_CONSTANT_CONVERSION = YES;
				CLANG_WARN_DEPRECATED_OBJC_IMPLEMENTATIONS = YES;
				CLANG_WARN_DIRECT_OBJC_ISA_USAGE = YES_ERROR;
				CLANG_WARN_DOCUMENTATION_COMMENTS = YES;
				CLANG_WARN_EMPTY_BODY = YES;
				CLANG_WARN_ENUM_CONVERSION = YES;
				CLANG_WARN_INFINITE_RECURSION = YES;
				CLANG_WARN_INT_CONVERSION = YES;
				CLANG_WARN_NON_LITERAL_NULL_CONVERSION = YES;
				CLANG_WARN_OBJC_IMPLICIT_RETAIN_SELF = YES;
				CLANG_WARN_OBJC_LITERAL_CONVERSION = YES;
				CLANG_WARN_OBJC_ROOT_CLASS = YES_ERROR;
				CLANG_WARN_RANGE_LOOP_ANALYSIS = YES;
				CLANG_WARN_STRICT_PROTOTYPES = YES;
				CLANG_WARN_SUSPICIOUS_MOVE = YES;
				CLANG_WARN_UNGUARDED_AVAILABILITY = YES_AGGRESSIVE;
				CLANG_WARN_UNREACHABLE_CODE = YES;
				CLANG_WARN__DUPLICATE_METHOD_MATCH = YES;
				CODE_SIGN_IDENTITY = "iPhone Developer";
				COPY_PHASE_STRIP = NO;
				DEBUG_INFORMATION_FORMAT = dwarf;
				ENABLE_STRICT_OBJC_MSGSEND = YES;
				ENABLE_TESTABILITY = YES;
				GCC_C_LANGUAGE_STANDARD = gnu11;
				GCC_DYNAMIC_NO_PIC = NO;
				GCC_NO_COMMON_BLOCKS = YES;
				GCC_OPTIMIZATION_LEVEL = 0;
				GCC_PREPROCESSOR_DEFINITIONS = (
					"DEBUG=1",
					"$(inherited)",
				);
				GCC_WARN_64_TO_32_BIT_CONVERSION = YES;
				GCC_WARN_ABOUT_RETURN_TYPE = YES_ERROR;
				GCC_WARN_UNDECLARED_SELECTOR = YES;
				GCC_WARN_UNINITIALIZED_AUTOS = YES_AGGRESSIVE;
				GCC_WARN_UNUSED_FUNCTION = YES;
				GCC_WARN_UNUSED_VARIABLE = YES;
				IPHONEOS_DEPLOYMENT_TARGET = 12.1;
				MTL_ENABLE_DEBUG_INFO = INCLUDE_SOURCE;
				MTL_FAST_MATH = YES;
				ONLY_ACTIVE_ARCH = YES;
				SDKROOT = iphoneos;
			};
			name = Debug;
		};
		E3D75FC421ACEF680041EC56 /* Release */ = {
			isa = XCBuildConfiguration;
			buildSettings = {
				ALWAYS_SEARCH_USER_PATHS = NO;
				CLANG_ANALYZER_NONNULL = YES;
				CLANG_ANALYZER_NUMBER_OBJECT_CONVERSION = YES_AGGRESSIVE;
				CLANG_CXX_LANGUAGE_STANDARD = "gnu++14";
				CLANG_CXX_LIBRARY = "libc++";
				CLANG_ENABLE_MODULES = YES;
				CLANG_ENABLE_OBJC_ARC = YES;
				CLANG_ENABLE_OBJC_WEAK = YES;
				CLANG_WARN_BLOCK_CAPTURE_AUTORELEASING = YES;
				CLANG_WARN_BOOL_CONVERSION = YES;
				CLANG_WARN_COMMA = YES;
				CLANG_WARN_CONSTANT_CONVERSION = YES;
				CLANG_WARN_DEPRECATED_OBJC_IMPLEMENTATIONS = YES;
				CLANG_WARN_DIRECT_OBJC_ISA_USAGE = YES_ERROR;
				CLANG_WARN_DOCUMENTATION_COMMENTS = YES;
				CLANG_WARN_EMPTY_BODY = YES;
				CLANG_WARN_ENUM_CONVERSION = YES;
				CLANG_WARN_INFINITE_RECURSION = YES;
				CLANG_WARN_INT_CONVERSION = YES;
				CLANG_WARN_NON_LITERAL_NULL_CONVERSION = YES;
				CLANG_WARN_OBJC_IMPLICIT_RETAIN_SELF = YES;
				CLANG_WARN_OBJC_LITERAL_CONVERSION = YES;
				CLANG_WARN_OBJC_ROOT_CLASS = YES_ERROR;
				CLANG_WARN_RANGE_LOOP_ANALYSIS = YES;
				CLANG_WARN_STRICT_PROTOTYPES = YES;
				CLANG_WARN_SUSPICIOUS_MOVE = YES;
				CLANG_WARN_UNGUARDED_AVAILABILITY = YES_AGGRESSIVE;
				CLANG_WARN_UNREACHABLE_CODE = YES;
				CLANG_WARN__DUPLICATE_METHOD_MATCH = YES;
				CODE_SIGN_IDENTITY = "iPhone Developer";
				COPY_PHASE_STRIP = NO;
				DEBUG_INFORMATION_FORMAT = "dwarf-with-dsym";
				ENABLE_NS_ASSERTIONS = NO;
				ENABLE_STRICT_OBJC_MSGSEND = YES;
				GCC_C_LANGUAGE_STANDARD = gnu11;
				GCC_NO_COMMON_BLOCKS = YES;
				GCC_WARN_64_TO_32_BIT_CONVERSION = YES;
				GCC_WARN_ABOUT_RETURN_TYPE = YES_ERROR;
				GCC_WARN_UNDECLARED_SELECTOR = YES;
				GCC_WARN_UNINITIALIZED_AUTOS = YES_AGGRESSIVE;
				GCC_WARN_UNUSED_FUNCTION = YES;
				GCC_WARN_UNUSED_VARIABLE = YES;
				IPHONEOS_DEPLOYMENT_TARGET = 12.1;
				MTL_ENABLE_DEBUG_INFO = NO;
				MTL_FAST_MATH = YES;
				SDKROOT = iphoneos;
				VALIDATE_PRODUCT = YES;
			};
			name = Release;
		};
		E3D75FC621ACEF680041EC56 /* Debug */ = {
			isa = XCBuildConfiguration;
			buildSettings = {
				ASSETCATALOG_COMPILER_APPICON_NAME = AppIcon;
				CODE_SIGN_STYLE = Automatic;
				DEVELOPMENT_TEAM = S8RBTQ8YQ5;
				INFOPLIST_FILE = AMEPageContentView/Info.plist;
				LD_RUNPATH_SEARCH_PATHS = (
					"$(inherited)",
					"@executable_path/Frameworks",
				);
				PRODUCT_BUNDLE_IDENTIFIER = com.ame017.AMEPageContentView;
				PRODUCT_NAME = "$(TARGET_NAME)";
				TARGETED_DEVICE_FAMILY = "1,2";
			};
			name = Debug;
		};
		E3D75FC721ACEF680041EC56 /* Release */ = {
			isa = XCBuildConfiguration;
			buildSettings = {
				ASSETCATALOG_COMPILER_APPICON_NAME = AppIcon;
				CODE_SIGN_STYLE = Automatic;
				DEVELOPMENT_TEAM = S8RBTQ8YQ5;
				INFOPLIST_FILE = AMEPageContentView/Info.plist;
				LD_RUNPATH_SEARCH_PATHS = (
					"$(inherited)",
					"@executable_path/Frameworks",
				);
				PRODUCT_BUNDLE_IDENTIFIER = com.ame017.AMEPageContentView;
				PRODUCT_NAME = "$(TARGET_NAME)";
				TARGETED_DEVICE_FAMILY = "1,2";
			};
			name = Release;
		};
/* End XCBuildConfiguration section */

/* Begin XCConfigurationList section */
		E3D75FAA21ACEF660041EC56 /* Build configuration list for PBXProject "AMEPageContentView" */ = {
			isa = XCConfigurationList;
			buildConfigurations = (
				E3D75FC321ACEF680041EC56 /* Debug */,
				E3D75FC421ACEF680041EC56 /* Release */,
			);
			defaultConfigurationIsVisible = 0;
			defaultConfigurationName = Release;
		};
		E3D75FC521ACEF680041EC56 /* Build configuration list for PBXNativeTarget "AMEPageContentView" */ = {
			isa = XCConfigurationList;
			buildConfigurations = (
				E3D75FC621ACEF680041EC56 /* Debug */,
				E3D75FC721ACEF680041EC56 /* Release */,
			);
			defaultConfigurationIsVisible = 0;
			defaultConfigurationName = Release;
		};
/* End XCConfigurationList section */
	};
	rootObject = E3D75FA721ACEF660041EC56 /* Project object */;
}
